
Microsoft Visual Studio Solution File, Format Version 12.00
# Visual Studio 15
VisualStudioVersion = 15.0.27703.2042
MinimumVisualStudioVersion = 10.0.40219.1
Project("{9A19103F-16F7-4668-BE54-9A1E7A4F7556}") = "Mmu.ClaimSecurityTesting", "Sources\Application\Mmu.ClaimSecurityTesting.csproj", "{9CA923DA-FE79-48C9-9730-D7E96873F048}"
EndProject
Project("{9A19103F-16F7-4668-BE54-9A1E7A4F7556}") = "Mmu.ClaimSecurityTesting.Tests", "Sources\Tests\Mmu.ClaimSecurityTesting.Tests.csproj", "{9F1F25E9-9C80-4A76-AA0B-99345A838496}"
EndProject
Global
	GlobalSection(SolutionConfigurationPlatforms) = preSolution
		Debug|Any CPU = Debug|Any CPU
		Release|Any CPU = Release|Any CPU
	EndGlobalSection
	GlobalSection(ProjectConfigurationPlatforms) = postSolution
		{9CA923DA-FE79-48C9-9730-D7E96873F048}.Debug|Any CPU.ActiveCfg = Debug|Any CPU
		{9CA923DA-FE79-48C9-9730-D7E96873F048}.Debug|Any CPU.Build.0 = Debug|Any CPU
		{9CA923DA-FE79-48C9-9730-D7E96873F048}.Release|Any CPU.ActiveCfg = Release|Any CPU
		{9CA923DA-FE79-48C9-9730-D7E96873F048}.Release|Any CPU.Build.0 = Release|Any CPU
		{9F1F25E9-9C80-4A76-AA0B-99345A838496}.Debug|Any CPU.ActiveCfg = Debug|Any CPU
		{9F1F25E9-9C80-4A76-AA0B-99345A838496}.Debug|Any CPU.Build.0 = Debug|Any CPU
		{9F1F25E9-9C80-4A76-AA0B-99345A838496}.Release|Any CPU.ActiveCfg = Release|Any CPU
		{9F1F25E9-9C80-4A76-AA0B-99345A838496}.Release|Any CPU.Build.0 = Release|Any CPU
	EndGlobalSection
	GlobalSection(SolutionProperties) = preSolution
		HideSolutionNode = FALSE
	EndGlobalSection
	GlobalSection(ExtensibilityGlobals) = postSolution
		SolutionGuid = {F630D138-5436-4B99-89F8-21B85E9490DC}
	EndGlobalSection
EndGlobal
